// !$*UTF8*$!
{
	archiveVersion = 1;
	classes = {
	};
	objectVersion = 51;
	objects = {

/* Begin PBXBuildFile section */
		AD59FAE6A4DF2B5CFBF55B95 /* Pods_Maze.framework in Frameworks */ = {isa = PBXBuildFile; fileRef = 4D4B871CAFFCB651DC4A8C40 /* Pods_Maze.framework */; };
		F3588F3D255D785F00ED951D /* SocketConnector.swift in Sources */ = {isa = PBXBuildFile; fileRef = F3588F3C255D785E00ED951D /* SocketConnector.swift */; };
		F3588F42255F0F7900ED951D /* MainMenu.sks in Resources */ = {isa = PBXBuildFile; fileRef = F3588F41255F0F7900ED951D /* MainMenu.sks */; };
		F3588F44255F0FC600ED951D /* MainMenu.swift in Sources */ = {isa = PBXBuildFile; fileRef = F3588F43255F0FC600ED951D /* MainMenu.swift */; };
		F3588F47255FE3AD00ED951D /* SettingsScene.swift in Sources */ = {isa = PBXBuildFile; fileRef = F3588F46255FE3AD00ED951D /* SettingsScene.swift */; };
		F3588F49255FE3C800ED951D /* SettingsScene.sks in Resources */ = {isa = PBXBuildFile; fileRef = F3588F48255FE3C800ED951D /* SettingsScene.sks */; };
		F375A27D2559A61C00D7BAE6 /* AppDelegate.swift in Sources */ = {isa = PBXBuildFile; fileRef = F375A27C2559A61C00D7BAE6 /* AppDelegate.swift */; };
		F375A27F2559A61C00D7BAE6 /* GameScene.sks in Resources */ = {isa = PBXBuildFile; fileRef = F375A27E2559A61C00D7BAE6 /* GameScene.sks */; };
		F375A2812559A61C00D7BAE6 /* Actions.sks in Resources */ = {isa = PBXBuildFile; fileRef = F375A2802559A61C00D7BAE6 /* Actions.sks */; };
		F375A2832559A61C00D7BAE6 /* GameScene.swift in Sources */ = {isa = PBXBuildFile; fileRef = F375A2822559A61C00D7BAE6 /* GameScene.swift */; };
		F375A2852559A61C00D7BAE6 /* GameViewController.swift in Sources */ = {isa = PBXBuildFile; fileRef = F375A2842559A61C00D7BAE6 /* GameViewController.swift */; };
		F375A2882559A61C00D7BAE6 /* Main.storyboard in Resources */ = {isa = PBXBuildFile; fileRef = F375A2862559A61C00D7BAE6 /* Main.storyboard */; };
		F375A28A2559A61E00D7BAE6 /* Assets.xcassets in Resources */ = {isa = PBXBuildFile; fileRef = F375A2892559A61E00D7BAE6 /* Assets.xcassets */; };
		F375A28D2559A61E00D7BAE6 /* LaunchScreen.storyboard in Resources */ = {isa = PBXBuildFile; fileRef = F375A28B2559A61E00D7BAE6 /* LaunchScreen.storyboard */; };
		F375A2B32559C0C500D7BAE6 /* Constants.swift in Sources */ = {isa = PBXBuildFile; fileRef = F375A2B22559C0C500D7BAE6 /* Constants.swift */; };
		F375A2B5255A6C6D00D7BAE6 /* Spark.sks in Resources */ = {isa = PBXBuildFile; fileRef = F375A2B4255A6C6D00D7BAE6 /* Spark.sks */; };
/* End PBXBuildFile section */

/* Begin PBXFileReference section */
		0CAD67DB18E6784317FA4134 /* Pods-Maze.release.xcconfig */ = {isa = PBXFileReference; includeInIndex = 1; lastKnownFileType = text.xcconfig; name = "Pods-Maze.release.xcconfig"; path = "Target Support Files/Pods-Maze/Pods-Maze.release.xcconfig"; sourceTree = "<group>"; };
		28261B431B1D98B684C25B4C /* Pods-Maze.debug.xcconfig */ = {isa = PBXFileReference; includeInIndex = 1; lastKnownFileType = text.xcconfig; name = "Pods-Maze.debug.xcconfig"; path = "Target Support Files/Pods-Maze/Pods-Maze.debug.xcconfig"; sourceTree = "<group>"; };
		4D4B871CAFFCB651DC4A8C40 /* Pods_Maze.framework */ = {isa = PBXFileReference; explicitFileType = wrapper.framework; includeInIndex = 0; path = Pods_Maze.framework; sourceTree = BUILT_PRODUCTS_DIR; };
		F3588F3C255D785E00ED951D /* SocketConnector.swift */ = {isa = PBXFileReference; lastKnownFileType = sourcecode.swift; path = SocketConnector.swift; sourceTree = "<group>"; };
		F3588F41255F0F7900ED951D /* MainMenu.sks */ = {isa = PBXFileReference; lastKnownFileType = file.sks; path = MainMenu.sks; sourceTree = "<group>"; };
		F3588F43255F0FC600ED951D /* MainMenu.swift */ = {isa = PBXFileReference; lastKnownFileType = sourcecode.swift; path = MainMenu.swift; sourceTree = "<group>"; };
		F3588F46255FE3AD00ED951D /* SettingsScene.swift */ = {isa = PBXFileReference; lastKnownFileType = sourcecode.swift; path = SettingsScene.swift; sourceTree = "<group>"; };
		F3588F48255FE3C800ED951D /* SettingsScene.sks */ = {isa = PBXFileReference; lastKnownFileType = file.sks; path = SettingsScene.sks; sourceTree = "<group>"; };
		F375A2792559A61C00D7BAE6 /* Maze.app */ = {isa = PBXFileReference; explicitFileType = wrapper.application; includeInIndex = 0; path = Maze.app; sourceTree = BUILT_PRODUCTS_DIR; };
		F375A27C2559A61C00D7BAE6 /* AppDelegate.swift */ = {isa = PBXFileReference; lastKnownFileType = sourcecode.swift; path = AppDelegate.swift; sourceTree = "<group>"; };
		F375A27E2559A61C00D7BAE6 /* GameScene.sks */ = {isa = PBXFileReference; lastKnownFileType = file.sks; path = GameScene.sks; sourceTree = "<group>"; };
		F375A2802559A61C00D7BAE6 /* Actions.sks */ = {isa = PBXFileReference; lastKnownFileType = file.sks; path = Actions.sks; sourceTree = "<group>"; };
		F375A2822559A61C00D7BAE6 /* GameScene.swift */ = {isa = PBXFileReference; lastKnownFileType = sourcecode.swift; path = GameScene.swift; sourceTree = "<group>"; };
		F375A2842559A61C00D7BAE6 /* GameViewController.swift */ = {isa = PBXFileReference; lastKnownFileType = sourcecode.swift; path = GameViewController.swift; sourceTree = "<group>"; };
		F375A2872559A61C00D7BAE6 /* Base */ = {isa = PBXFileReference; lastKnownFileType = file.storyboard; name = Base; path = Base.lproj/Main.storyboard; sourceTree = "<group>"; };
		F375A2892559A61E00D7BAE6 /* Assets.xcassets */ = {isa = PBXFileReference; lastKnownFileType = folder.assetcatalog; path = Assets.xcassets; sourceTree = "<group>"; };
		F375A28C2559A61E00D7BAE6 /* Base */ = {isa = PBXFileReference; lastKnownFileType = file.storyboard; name = Base; path = Base.lproj/LaunchScreen.storyboard; sourceTree = "<group>"; };
		F375A28E2559A61E00D7BAE6 /* Info.plist */ = {isa = PBXFileReference; lastKnownFileType = text.plist.xml; path = Info.plist; sourceTree = "<group>"; };
		F375A2B22559C0C500D7BAE6 /* Constants.swift */ = {isa = PBXFileReference; lastKnownFileType = sourcecode.swift; path = Constants.swift; sourceTree = "<group>"; };
		F375A2B4255A6C6D00D7BAE6 /* Spark.sks */ = {isa = PBXFileReference; lastKnownFileType = file.sks; path = Spark.sks; sourceTree = "<group>"; };
/* End PBXFileReference section */

/* Begin PBXFrameworksBuildPhase section */
		F375A2762559A61C00D7BAE6 /* Frameworks */ = {
			isa = PBXFrameworksBuildPhase;
			buildActionMask = 2147483647;
			files = (
				AD59FAE6A4DF2B5CFBF55B95 /* Pods_Maze.framework in Frameworks */,
			);
			runOnlyForDeploymentPostprocessing = 0;
		};
/* End PBXFrameworksBuildPhase section */

/* Begin PBXGroup section */
		1E9D57278D2C9861B1A979FC /* Frameworks */ = {
			isa = PBXGroup;
			children = (
				4D4B871CAFFCB651DC4A8C40 /* Pods_Maze.framework */,
			);
			name = Frameworks;
			sourceTree = "<group>";
		};
		51CC23B70CD4E72A31D9F315 /* Pods */ = {
			isa = PBXGroup;
			children = (
				28261B431B1D98B684C25B4C /* Pods-Maze.debug.xcconfig */,
				0CAD67DB18E6784317FA4134 /* Pods-Maze.release.xcconfig */,
			);
			path = Pods;
			sourceTree = "<group>";
		};
		F3588F3E255F0DB800ED951D /* Game */ = {
			isa = PBXGroup;
			children = (
				F375A2B4255A6C6D00D7BAE6 /* Spark.sks */,
				F375A27E2559A61C00D7BAE6 /* GameScene.sks */,
				F375A2822559A61C00D7BAE6 /* GameScene.swift */,
				F375A2842559A61C00D7BAE6 /* GameViewController.swift */,
			);
			path = Game;
			sourceTree = "<group>";
		};
		F3588F3F255F0DC700ED951D /* Main */ = {
			isa = PBXGroup;
			children = (
				F3588F41255F0F7900ED951D /* MainMenu.sks */,
				F3588F43255F0FC600ED951D /* MainMenu.swift */,
			);
			path = Main;
			sourceTree = "<group>";
		};
		F3588F40255F0E3A00ED951D /* Network */ = {
			isa = PBXGroup;
			children = (
				F3588F3C255D785E00ED951D /* SocketConnector.swift */,
			);
			path = Network;
			sourceTree = "<group>";
		};
		F3588F45255FE39D00ED951D /* Settings */ = {
			isa = PBXGroup;
			children = (
				F3588F46255FE3AD00ED951D /* SettingsScene.swift */,
				F3588F48255FE3C800ED951D /* SettingsScene.sks */,
			);
			path = Settings;
			sourceTree = "<group>";
		};
		F375A2702559A61C00D7BAE6 = {
			isa = PBXGroup;
			children = (
				F375A27B2559A61C00D7BAE6 /* Maze */,
				F375A27A2559A61C00D7BAE6 /* Products */,
				51CC23B70CD4E72A31D9F315 /* Pods */,
				1E9D57278D2C9861B1A979FC /* Frameworks */,
			);
			sourceTree = "<group>";
		};
		F375A27A2559A61C00D7BAE6 /* Products */ = {
			isa = PBXGroup;
			children = (
				F375A2792559A61C00D7BAE6 /* Maze.app */,
			);
			name = Products;
			sourceTree = "<group>";
		};
		F375A27B2559A61C00D7BAE6 /* Maze */ = {
			isa = PBXGroup;
			children = (
				F3588F45255FE39D00ED951D /* Settings */,
				F3588F40255F0E3A00ED951D /* Network */,
				F3588F3F255F0DC700ED951D /* Main */,
				F3588F3E255F0DB800ED951D /* Game */,
				F375A27C2559A61C00D7BAE6 /* AppDelegate.swift */,
				F375A2802559A61C00D7BAE6 /* Actions.sks */,
				F375A2862559A61C00D7BAE6 /* Main.storyboard */,
				F375A2892559A61E00D7BAE6 /* Assets.xcassets */,
				F375A28B2559A61E00D7BAE6 /* LaunchScreen.storyboard */,
				F375A28E2559A61E00D7BAE6 /* Info.plist */,
				F375A2B22559C0C500D7BAE6 /* Constants.swift */,
			);
			path = Maze;
			sourceTree = "<group>";
		};
/* End PBXGroup section */

/* Begin PBXNativeTarget section */
		F375A2782559A61C00D7BAE6 /* Maze */ = {
			isa = PBXNativeTarget;
			buildConfigurationList = F375A2912559A61E00D7BAE6 /* Build configuration list for PBXNativeTarget "Maze" */;
			buildPhases = (
				4EAD75102F32A01FE44DE84A /* [CP] Check Pods Manifest.lock */,
				F375A2752559A61C00D7BAE6 /* Sources */,
				F375A2762559A61C00D7BAE6 /* Frameworks */,
				F375A2772559A61C00D7BAE6 /* Resources */,
				81E1F1B9D5EFB7CE60D01059 /* [CP] Embed Pods Frameworks */,
			);
			buildRules = (
			);
			dependencies = (
			);
			name = Maze;
			productName = Maze;
			productReference = F375A2792559A61C00D7BAE6 /* Maze.app */;
			productType = "com.apple.product-type.application";
		};
/* End PBXNativeTarget section */

/* Begin PBXProject section */
		F375A2712559A61C00D7BAE6 /* Project object */ = {
			isa = PBXProject;
			attributes = {
				LastSwiftUpdateCheck = 1170;
				LastUpgradeCheck = 1170;
				ORGANIZATIONNAME = "Иван Абрамов";
				TargetAttributes = {
					F375A2782559A61C00D7BAE6 = {
						CreatedOnToolsVersion = 11.7;
					};
				};
			};
			buildConfigurationList = F375A2742559A61C00D7BAE6 /* Build configuration list for PBXProject "Maze" */;
			compatibilityVersion = "Xcode 9.3";
			developmentRegion = en;
			hasScannedForEncodings = 0;
			knownRegions = (
				en,
				Base,
			);
			mainGroup = F375A2702559A61C00D7BAE6;
			productRefGroup = F375A27A2559A61C00D7BAE6 /* Products */;
			projectDirPath = "";
			projectRoot = "";
			targets = (
				F375A2782559A61C00D7BAE6 /* Maze */,
			);
		};
/* End PBXProject section */

/* Begin PBXResourcesBuildPhase section */
		F375A2772559A61C00D7BAE6 /* Resources */ = {
			isa = PBXResourcesBuildPhase;
			buildActionMask = 2147483647;
			files = (
				F375A2882559A61C00D7BAE6 /* Main.storyboard in Resources */,
				F375A27F2559A61C00D7BAE6 /* GameScene.sks in Resources */,
				F375A28A2559A61E00D7BAE6 /* Assets.xcassets in Resources */,
				F375A2B5255A6C6D00D7BAE6 /* Spark.sks in Resources */,
				F375A28D2559A61E00D7BAE6 /* LaunchScreen.storyboard in Resources */,
				F3588F42255F0F7900ED951D /* MainMenu.sks in Resources */,
				F375A2812559A61C00D7BAE6 /* Actions.sks in Resources */,
				F3588F49255FE3C800ED951D /* SettingsScene.sks in Resources */,
			);
			runOnlyForDeploymentPostprocessing = 0;
		};
/* End PBXResourcesBuildPhase section */

/* Begin PBXShellScriptBuildPhase section */
		4EAD75102F32A01FE44DE84A /* [CP] Check Pods Manifest.lock */ = {
			isa = PBXShellScriptBuildPhase;
			buildActionMask = 2147483647;
			files = (
			);
			inputFileListPaths = (
			);
			inputPaths = (
				"${PODS_PODFILE_DIR_PATH}/Podfile.lock",
				"${PODS_ROOT}/Manifest.lock",
			);
			name = "[CP] Check Pods Manifest.lock";
			outputFileListPaths = (
			);
			outputPaths = (
				"$(DERIVED_FILE_DIR)/Pods-Maze-checkManifestLockResult.txt",
			);
			runOnlyForDeploymentPostprocessing = 0;
			shellPath = /bin/sh;
			shellScript = "diff \"${PODS_PODFILE_DIR_PATH}/Podfile.lock\" \"${PODS_ROOT}/Manifest.lock\" > /dev/null\nif [ $? != 0 ] ; then\n    # print error to STDERR\n    echo \"error: The sandbox is not in sync with the Podfile.lock. Run 'pod install' or update your CocoaPods installation.\" >&2\n    exit 1\nfi\n# This output is used by Xcode 'outputs' to avoid re-running this script phase.\necho \"SUCCESS\" > \"${SCRIPT_OUTPUT_FILE_0}\"\n";
			showEnvVarsInLog = 0;
		};
		81E1F1B9D5EFB7CE60D01059 /* [CP] Embed Pods Frameworks */ = {
			isa = PBXShellScriptBuildPhase;
			buildActionMask = 2147483647;
			files = (
			);
			inputFileListPaths = (
				"${PODS_ROOT}/Target Support Files/Pods-Maze/Pods-Maze-frameworks-${CONFIGURATION}-input-files.xcfilelist",
			);
			name = "[CP] Embed Pods Frameworks";
			outputFileListPaths = (
				"${PODS_ROOT}/Target Support Files/Pods-Maze/Pods-Maze-frameworks-${CONFIGURATION}-output-files.xcfilelist",
			);
			runOnlyForDeploymentPostprocessing = 0;
			shellPath = /bin/sh;
			shellScript = "\"${PODS_ROOT}/Target Support Files/Pods-Maze/Pods-Maze-frameworks.sh\"\n";
			showEnvVarsInLog = 0;
		};
/* End PBXShellScriptBuildPhase section */

/* Begin PBXSourcesBuildPhase section */
		F375A2752559A61C00D7BAE6 /* Sources */ = {
			isa = PBXSourcesBuildPhase;
			buildActionMask = 2147483647;
			files = (
				F375A2832559A61C00D7BAE6 /* GameScene.swift in Sources */,
				F3588F47255FE3AD00ED951D /* SettingsScene.swift in Sources */,
				F3588F44255F0FC600ED951D /* MainMenu.swift in Sources */,
				F375A2852559A61C00D7BAE6 /* GameViewController.swift in Sources */,
				F375A27D2559A61C00D7BAE6 /* AppDelegate.swift in Sources */,
				F375A2B32559C0C500D7BAE6 /* Constants.swift in Sources */,
				F3588F3D255D785F00ED951D /* SocketConnector.swift in Sources */,
			);
			runOnlyForDeploymentPostprocessing = 0;
		};
/* End PBXSourcesBuildPhase section */

/* Begin PBXVariantGroup section */
		F375A2862559A61C00D7BAE6 /* Main.storyboard */ = {
			isa = PBXVariantGroup;
			children = (
				F375A2872559A61C00D7BAE6 /* Base */,
			);
			name = Main.storyboard;
			sourceTree = "<group>";
		};
		F375A28B2559A61E00D7BAE6 /* LaunchScreen.storyboard */ = {
			isa = PBXVariantGroup;
			children = (
				F375A28C2559A61E00D7BAE6 /* Base */,
			);
			name = LaunchScreen.storyboard;
			sourceTree = "<group>";
		};
/* End PBXVariantGroup section */

/* Begin XCBuildConfiguration section */
		F375A28F2559A61E00D7BAE6 /* Debug */ = {
			isa = XCBuildConfiguration;
			buildSettings = {
				ALWAYS_SEARCH_USER_PATHS = NO;
				CLANG_ANALYZER_NONNULL = YES;
				CLANG_ANALYZER_NUMBER_OBJECT_CONVERSION = YES_AGGRESSIVE;
				CLANG_CXX_LANGUAGE_STANDARD = "gnu++14";
				CLANG_CXX_LIBRARY = "libc++";
				CLANG_ENABLE_MODULES = YES;
				CLANG_ENABLE_OBJC_ARC = YES;
				CLANG_ENABLE_OBJC_WEAK = YES;
				CLANG_WARN_BLOCK_CAPTURE_AUTORELEASING = YES;
				CLANG_WARN_BOOL_CONVERSION = YES;
				CLANG_WARN_COMMA = YES;
				CLANG_WARN_CONSTANT_CONVERSION = YES;
				CLANG_WARN_DEPRECATED_OBJC_IMPLEMENTATIONS = YES;
				CLANG_WARN_DIRECT_OBJC_ISA_USAGE = YES_ERROR;
				CLANG_WARN_DOCUMENTATION_COMMENTS = YES;
				CLANG_WARN_EMPTY_BODY = YES;
				CLANG_WARN_ENUM_CONVERSION = YES;
				CLANG_WARN_INFINITE_RECURSION = YES;
				CLANG_WARN_INT_CONVERSION = YES;
				CLANG_WARN_NON_LITERAL_NULL_CONVERSION = YES;
				CLANG_WARN_OBJC_IMPLICIT_RETAIN_SELF = YES;
				CLANG_WARN_OBJC_LITERAL_CONVERSION = YES;
				CLANG_WARN_OBJC_ROOT_CLASS = YES_ERROR;
				CLANG_WARN_RANGE_LOOP_ANALYSIS = YES;
				CLANG_WARN_STRICT_PROTOTYPES = YES;
				CLANG_WARN_SUSPICIOUS_MOVE = YES;
				CLANG_WARN_UNGUARDED_AVAILABILITY = YES_AGGRESSIVE;
				CLANG_WARN_UNREACHABLE_CODE = YES;
				CLANG_WARN__DUPLICATE_METHOD_MATCH = YES;
				COPY_PHASE_STRIP = NO;
				DEBUG_INFORMATION_FORMAT = dwarf;
				ENABLE_STRICT_OBJC_MSGSEND = YES;
				ENABLE_TESTABILITY = YES;
				GCC_C_LANGUAGE_STANDARD = gnu11;
				GCC_DYNAMIC_NO_PIC = NO;
				GCC_NO_COMMON_BLOCKS = YES;
				GCC_OPTIMIZATION_LEVEL = 0;
				GCC_PREPROCESSOR_DEFINITIONS = (
					"DEBUG=1",
					"$(inherited)",
				);
				GCC_WARN_64_TO_32_BIT_CONVERSION = YES;
				GCC_WARN_ABOUT_RETURN_TYPE = YES_ERROR;
				GCC_WARN_UNDECLARED_SELECTOR = YES;
				GCC_WARN_UNINITIALIZED_AUTOS = YES_AGGRESSIVE;
				GCC_WARN_UNUSED_FUNCTION = YES;
				GCC_WARN_UNUSED_VARIABLE = YES;
				IPHONEOS_DEPLOYMENT_TARGET = 13.7;
				MTL_ENABLE_DEBUG_INFO = INCLUDE_SOURCE;
				MTL_FAST_MATH = YES;
				ONLY_ACTIVE_ARCH = YES;
				SDKROOT = iphoneos;
				SWIFT_ACTIVE_COMPILATION_CONDITIONS = DEBUG;
				SWIFT_OPTIMIZATION_LEVEL = "-Onone";
			};
			name = Debug;
		};
		F375A2902559A61E00D7BAE6 /* Release */ = {
			isa = XCBuildConfiguration;
			buildSettings = {
				ALWAYS_SEARCH_USER_PATHS = NO;
				CLANG_ANALYZER_NONNULL = YES;
				CLANG_ANALYZER_NUMBER_OBJECT_CONVERSION = YES_AGGRESSIVE;
				CLANG_CXX_LANGUAGE_STANDARD = "gnu++14";
				CLANG_CXX_LIBRARY = "libc++";
				CLANG_ENABLE_MODULES = YES;
				CLANG_ENABLE_OBJC_ARC = YES;
				CLANG_ENABLE_OBJC_WEAK = YES;
				CLANG_WARN_BLOCK_CAPTURE_AUTORELEASING = YES;
				CLANG_WARN_BOOL_CONVERSION = YES;
				CLANG_WARN_COMMA = YES;
				CLANG_WARN_CONSTANT_CONVERSION = YES;
				CLANG_WARN_DEPRECATED_OBJC_IMPLEMENTATIONS = YES;
				CLANG_WARN_DIRECT_OBJC_ISA_USAGE = YES_ERROR;
				CLANG_WARN_DOCUMENTATION_COMMENTS = YES;
				CLANG_WARN_EMPTY_BODY = YES;
				CLANG_WARN_ENUM_CONVERSION = YES;
				CLANG_WARN_INFINITE_RECURSION = YES;
				CLANG_WARN_INT_CONVERSION = YES;
				CLANG_WARN_NON_LITERAL_NULL_CONVERSION = YES;
				CLANG_WARN_OBJC_IMPLICIT_RETAIN_SELF = YES;
				CLANG_WARN_OBJC_LITERAL_CONVERSION = YES;
				CLANG_WARN_OBJC_ROOT_CLASS = YES_ERROR;
				CLANG_WARN_RANGE_LOOP_ANALYSIS = YES;
				CLANG_WARN_STRICT_PROTOTYPES = YES;
				CLANG_WARN_SUSPICIOUS_MOVE = YES;
				CLANG_WARN_UNGUARDED_AVAILABILITY = YES_AGGRESSIVE;
				CLANG_WARN_UNREACHABLE_CODE = YES;
				CLANG_WARN__DUPLICATE_METHOD_MATCH = YES;
				COPY_PHASE_STRIP = NO;
				DEBUG_INFORMATION_FORMAT = "dwarf-with-dsym";
				ENABLE_NS_ASSERTIONS = NO;
				ENABLE_STRICT_OBJC_MSGSEND = YES;
				GCC_C_LANGUAGE_STANDARD = gnu11;
				GCC_NO_COMMON_BLOCKS = YES;
				GCC_WARN_64_TO_32_BIT_CONVERSION = YES;
				GCC_WARN_ABOUT_RETURN_TYPE = YES_ERROR;
				GCC_WARN_UNDECLARED_SELECTOR = YES;
				GCC_WARN_UNINITIALIZED_AUTOS = YES_AGGRESSIVE;
				GCC_WARN_UNUSED_FUNCTION = YES;
				GCC_WARN_UNUSED_VARIABLE = YES;
				IPHONEOS_DEPLOYMENT_TARGET = 13.7;
				MTL_ENABLE_DEBUG_INFO = NO;
				MTL_FAST_MATH = YES;
				SDKROOT = iphoneos;
				SWIFT_COMPILATION_MODE = wholemodule;
				SWIFT_OPTIMIZATION_LEVEL = "-O";
				VALIDATE_PRODUCT = YES;
			};
			name = Release;
		};
		F375A2922559A61E00D7BAE6 /* Debug */ = {
			isa = XCBuildConfiguration;
			baseConfigurationReference = 28261B431B1D98B684C25B4C /* Pods-Maze.debug.xcconfig */;
			buildSettings = {
				ASSETCATALOG_COMPILER_APPICON_NAME = AppIcon;
				CODE_SIGN_STYLE = Automatic;
				DEVELOPMENT_TEAM = K9N82GAG49;
				INFOPLIST_FILE = Maze/Info.plist;
				LD_RUNPATH_SEARCH_PATHS = (
					"$(inherited)",
					"@executable_path/Frameworks",
				);
				PRODUCT_BUNDLE_IDENTIFIER = com.IvanAbramov.Maze;
				PRODUCT_NAME = "$(TARGET_NAME)";
				SWIFT_VERSION = 5.0;
				TARGETED_DEVICE_FAMILY = "1,2";
			};
			name = Debug;
		};
		F375A2932559A61E00D7BAE6 /* Release */ = {
			isa = XCBuildConfiguration;
			baseConfigurationReference = 0CAD67DB18E6784317FA4134 /* Pods-Maze.release.xcconfig */;
			buildSettings = {
				ASSETCATALOG_COMPILER_APPICON_NAME = AppIcon;
				CODE_SIGN_STYLE = Automatic;
				DEVELOPMENT_TEAM = K9N82GAG49;
				INFOPLIST_FILE = Maze/Info.plist;
				LD_RUNPATH_SEARCH_PATHS = (
					"$(inherited)",
					"@executable_path/Frameworks",
				);
				PRODUCT_BUNDLE_IDENTIFIER = com.IvanAbramov.Maze;
				PRODUCT_NAME = "$(TARGET_NAME)";
				SWIFT_VERSION = 5.0;
				TARGETED_DEVICE_FAMILY = "1,2";
			};
			name = Release;
		};
/* End XCBuildConfiguration section */

/* Begin XCConfigurationList section */
		F375A2742559A61C00D7BAE6 /* Build configuration list for PBXProject "Maze" */ = {
			isa = XCConfigurationList;
			buildConfigurations = (
				F375A28F2559A61E00D7BAE6 /* Debug */,
				F375A2902559A61E00D7BAE6 /* Release */,
			);
			defaultConfigurationIsVisible = 0;
			defaultConfigurationName = Release;
		};
		F375A2912559A61E00D7BAE6 /* Build configuration list for PBXNativeTarget "Maze" */ = {
			isa = XCConfigurationList;
			buildConfigurations = (
				F375A2922559A61E00D7BAE6 /* Debug */,
				F375A2932559A61E00D7BAE6 /* Release */,
			);
			defaultConfigurationIsVisible = 0;
			defaultConfigurationName = Release;
		};
/* End XCConfigurationList section */
	};
	rootObject = F375A2712559A61C00D7BAE6 /* Project object */;
}
